
Microsoft Visual Studio Solution File, Format Version 12.00
# Visual Studio Version 16
VisualStudioVersion = 16.0.29905.134
MinimumVisualStudioVersion = 10.0.40219.1
Project("{FAE04EC0-301F-11D3-BF4B-00C04F79EFBC}") = "FirstWebApp", "FirstWebApp\FirstWebApp.csproj", "{0F22B4F4-63D6-446D-A8B1-A81F8AA23DBB}"
EndProject
Global
	GlobalSection(SolutionConfigurationPlatforms) = preSolution
		Debug|Any CPU = Debug|Any CPU
		Release|Any CPU = Release|Any CPU
	EndGlobalSection
	GlobalSection(ProjectConfigurationPlatforms) = postSolution
		{0F22B4F4-63D6-446D-A8B1-A81F8AA23DBB}.Debug|Any CPU.ActiveCfg = Debug|Any CPU
		{0F22B4F4-63D6-446D-A8B1-A81F8AA23DBB}.Debug|Any CPU.Build.0 = Debug|Any CPU
		{0F22B4F4-63D6-446D-A8B1-A81F8AA23DBB}.Release|Any CPU.ActiveCfg = Release|Any CPU
		{0F22B4F4-63D6-446D-A8B1-A81F8AA23DBB}.Release|Any CPU.Build.0 = Release|Any CPU
	EndGlobalSection
	GlobalSection(SolutionProperties) = preSolution
		HideSolutionNode = FALSE
	EndGlobalSection
	GlobalSection(ExtensibilityGlobals) = postSolution
		SolutionGuid = {6401CBAE-6CE4-4998-9FBB-70804980BDEF}
	EndGlobalSection
EndGlobal
